
Microsoft Visual Studio Solution File, Format Version 12.00
# Visual Studio Version 17
VisualStudioVersion = 17.6.33829.357
MinimumVisualStudioVersion = 10.0.40219.1
Project("{F184B08F-C81C-45F6-A57F-5ABD9991F28F}") = "Proyecto_Dos", "Proyecto_Dos\Proyecto_Dos.vbproj", "{F8152AB5-8239-42DA-8BF9-4F416C66B19F}"
EndProject
Global
	GlobalSection(SolutionConfigurationPlatforms) = preSolution
		Debug|Any CPU = Debug|Any CPU
		Release|Any CPU = Release|Any CPU
	EndGlobalSection
	GlobalSection(ProjectConfigurationPlatforms) = postSolution
		{F8152AB5-8239-42DA-8BF9-4F416C66B19F}.Debug|Any CPU.ActiveCfg = Debug|Any CPU
		{F8152AB5-8239-42DA-8BF9-4F416C66B19F}.Debug|Any CPU.Build.0 = Debug|Any CPU
		{F8152AB5-8239-42DA-8BF9-4F416C66B19F}.Release|Any CPU.ActiveCfg = Release|Any CPU
		{F8152AB5-8239-42DA-8BF9-4F416C66B19F}.Release|Any CPU.Build.0 = Release|Any CPU
	EndGlobalSection
	GlobalSection(SolutionProperties) = preSolution
		HideSolutionNode = FALSE
	EndGlobalSection
	GlobalSection(ExtensibilityGlobals) = postSolution
		SolutionGuid = {349FB7B2-7CDA-4462-94A3-05DA5A439A9C}
	EndGlobalSection
EndGlobal
